
Microsoft Visual Studio Solution File, Format Version 12.00
# Visual Studio Version 16
VisualStudioVersion = 16.0.31515.178
MinimumVisualStudioVersion = 10.0.40219.1
Project("{9A19103F-16F7-4668-BE54-9A1E7A4F7556}") = "api-job-apps", "api-job-apps.csproj", "{A412AD6B-8036-46FE-B4F8-F17F7B170359}"
EndProject
Project("{9A19103F-16F7-4668-BE54-9A1E7A4F7556}") = "EFCore", "..\EFCore\EFCore.csproj", "{6F2F0701-B327-4590-B21B-A17B4CD0E146}"
EndProject
Project("{9A19103F-16F7-4668-BE54-9A1E7A4F7556}") = "Services", "..\Services\Services.csproj", "{0C65A26C-E8A0-468B-86E4-823BD68A8B8E}"
EndProject
Project("{9A19103F-16F7-4668-BE54-9A1E7A4F7556}") = "EmailService", "..\EmailService\EmailService.csproj", "{7A8DCF30-5051-43BB-9CC6-BF333543369C}"
EndProject
Project("{9A19103F-16F7-4668-BE54-9A1E7A4F7556}") = "ResumeService", "..\ResumeService\ResumeService.csproj", "{3FE7747E-6E7A-4887-B493-FF170DE8977E}"
EndProject
Global
	GlobalSection(SolutionConfigurationPlatforms) = preSolution
		Debug|Any CPU = Debug|Any CPU
		Release|Any CPU = Release|Any CPU
	EndGlobalSection
	GlobalSection(ProjectConfigurationPlatforms) = postSolution
		{A412AD6B-8036-46FE-B4F8-F17F7B170359}.Debug|Any CPU.ActiveCfg = Debug|Any CPU
		{A412AD6B-8036-46FE-B4F8-F17F7B170359}.Debug|Any CPU.Build.0 = Debug|Any CPU
		{A412AD6B-8036-46FE-B4F8-F17F7B170359}.Release|Any CPU.ActiveCfg = Release|Any CPU
		{A412AD6B-8036-46FE-B4F8-F17F7B170359}.Release|Any CPU.Build.0 = Release|Any CPU
		{6F2F0701-B327-4590-B21B-A17B4CD0E146}.Debug|Any CPU.ActiveCfg = Debug|Any CPU
		{6F2F0701-B327-4590-B21B-A17B4CD0E146}.Debug|Any CPU.Build.0 = Debug|Any CPU
		{6F2F0701-B327-4590-B21B-A17B4CD0E146}.Release|Any CPU.ActiveCfg = Release|Any CPU
		{6F2F0701-B327-4590-B21B-A17B4CD0E146}.Release|Any CPU.Build.0 = Release|Any CPU
		{0C65A26C-E8A0-468B-86E4-823BD68A8B8E}.Debug|Any CPU.ActiveCfg = Debug|Any CPU
		{0C65A26C-E8A0-468B-86E4-823BD68A8B8E}.Debug|Any CPU.Build.0 = Debug|Any CPU
		{0C65A26C-E8A0-468B-86E4-823BD68A8B8E}.Release|Any CPU.ActiveCfg = Release|Any CPU
		{0C65A26C-E8A0-468B-86E4-823BD68A8B8E}.Release|Any CPU.Build.0 = Release|Any CPU
		{7A8DCF30-5051-43BB-9CC6-BF333543369C}.Debug|Any CPU.ActiveCfg = Debug|Any CPU
		{7A8DCF30-5051-43BB-9CC6-BF333543369C}.Debug|Any CPU.Build.0 = Debug|Any CPU
		{7A8DCF30-5051-43BB-9CC6-BF333543369C}.Release|Any CPU.ActiveCfg = Release|Any CPU
		{7A8DCF30-5051-43BB-9CC6-BF333543369C}.Release|Any CPU.Build.0 = Release|Any CPU
		{3FE7747E-6E7A-4887-B493-FF170DE8977E}.Debug|Any CPU.ActiveCfg = Debug|Any CPU
		{3FE7747E-6E7A-4887-B493-FF170DE8977E}.Debug|Any CPU.Build.0 = Debug|Any CPU
		{3FE7747E-6E7A-4887-B493-FF170DE8977E}.Release|Any CPU.ActiveCfg = Release|Any CPU
		{3FE7747E-6E7A-4887-B493-FF170DE8977E}.Release|Any CPU.Build.0 = Release|Any CPU
	EndGlobalSection
	GlobalSection(SolutionProperties) = preSolution
		HideSolutionNode = FALSE
	EndGlobalSection
	GlobalSection(ExtensibilityGlobals) = postSolution
		SolutionGuid = {D465487F-B356-4BAB-B479-6998E8032E96}
	EndGlobalSection
EndGlobal
